{
  "requires": true,
  "lockfileVersion": 1,
  "dependencies": {
    "nan": {
      "version": "2.3.5",
      "resolved": "https://registry.npmjs.org/nan/-/nan-2.3.5.tgz",
      "integrity": "sha1-gioNwmYpDOTNOhIoLKPn42Rmigg="
    },
    "raw-socket": {
      "version": "1.5.2",
      "resolved": "https://registry.npmjs.org/raw-socket/-/raw-socket-1.5.2.tgz",
      "integrity": "sha512-HkdxURR2ntXkyuzceAs53S7dw26jc8qEKO8+8nbfRyQ0b4qKoTu/fhW65PmkBFe0piGStu6j1A33VEbPhkHuFA==",
      "requires": {
        "nan": "2.3.5"
      }
    }
  }
}
